
Microsoft Visual Studio Solution File, Format Version 12.00
# Visual Studio Version 16
VisualStudioVersion = 16.0.30114.105
MinimumVisualStudioVersion = 10.0.40219.1
Project("{FAE04EC0-301F-11D3-BF4B-00C04F79EFBC}") = "ProyectoAutos.Presentacion", "ProyectoAutos.Presentacion\ProyectoAutos.Presentacion.csproj", "{D30D5D23-2713-4BF7-99F6-6F3FA7B88378}"
EndProject
Project("{FAE04EC0-301F-11D3-BF4B-00C04F79EFBC}") = "ProyectoAutos.Entidades", "ProyectoAutos.Entidades\ProyectoAutos.Entidades.csproj", "{E23AB9E9-F8A7-47C9-A3F7-EC4D8BF0D40D}"
EndProject
Project("{FAE04EC0-301F-11D3-BF4B-00C04F79EFBC}") = "ProyectoAutos.Datos", "ProyectoAutos.Datos\ProyectoAutos.Datos.csproj", "{4894529E-04A0-420C-8B71-7012E990BFAA}"
EndProject
Project("{FAE04EC0-301F-11D3-BF4B-00C04F79EFBC}") = "ProyectoAutos.Servicios", "ProyectoAutos.Servicios\ProyectoAutos.Servicios.csproj", "{3F4BEC17-EB9D-4B2A-8C98-41218CD52611}"
EndProject
Project("{FAE04EC0-301F-11D3-BF4B-00C04F79EFBC}") = "ProyectoAutos.Reportes", "ProyectoAutos.Reportes\ProyectoAutos.Reportes.csproj", "{7D9012A7-1435-4856-8585-9FB1DCCB6184}"
EndProject
Global
	GlobalSection(SolutionConfigurationPlatforms) = preSolution
		Debug|Any CPU = Debug|Any CPU
		Release|Any CPU = Release|Any CPU
	EndGlobalSection
	GlobalSection(ProjectConfigurationPlatforms) = postSolution
		{D30D5D23-2713-4BF7-99F6-6F3FA7B88378}.Debug|Any CPU.ActiveCfg = Debug|Any CPU
		{D30D5D23-2713-4BF7-99F6-6F3FA7B88378}.Debug|Any CPU.Build.0 = Debug|Any CPU
		{D30D5D23-2713-4BF7-99F6-6F3FA7B88378}.Release|Any CPU.ActiveCfg = Release|Any CPU
		{D30D5D23-2713-4BF7-99F6-6F3FA7B88378}.Release|Any CPU.Build.0 = Release|Any CPU
		{E23AB9E9-F8A7-47C9-A3F7-EC4D8BF0D40D}.Debug|Any CPU.ActiveCfg = Debug|Any CPU
		{E23AB9E9-F8A7-47C9-A3F7-EC4D8BF0D40D}.Debug|Any CPU.Build.0 = Debug|Any CPU
		{E23AB9E9-F8A7-47C9-A3F7-EC4D8BF0D40D}.Release|Any CPU.ActiveCfg = Release|Any CPU
		{E23AB9E9-F8A7-47C9-A3F7-EC4D8BF0D40D}.Release|Any CPU.Build.0 = Release|Any CPU
		{4894529E-04A0-420C-8B71-7012E990BFAA}.Debug|Any CPU.ActiveCfg = Debug|Any CPU
		{4894529E-04A0-420C-8B71-7012E990BFAA}.Debug|Any CPU.Build.0 = Debug|Any CPU
		{4894529E-04A0-420C-8B71-7012E990BFAA}.Release|Any CPU.ActiveCfg = Release|Any CPU
		{4894529E-04A0-420C-8B71-7012E990BFAA}.Release|Any CPU.Build.0 = Release|Any CPU
		{3F4BEC17-EB9D-4B2A-8C98-41218CD52611}.Debug|Any CPU.ActiveCfg = Debug|Any CPU
		{3F4BEC17-EB9D-4B2A-8C98-41218CD52611}.Debug|Any CPU.Build.0 = Debug|Any CPU
		{3F4BEC17-EB9D-4B2A-8C98-41218CD52611}.Release|Any CPU.ActiveCfg = Release|Any CPU
		{3F4BEC17-EB9D-4B2A-8C98-41218CD52611}.Release|Any CPU.Build.0 = Release|Any CPU
		{7D9012A7-1435-4856-8585-9FB1DCCB6184}.Debug|Any CPU.ActiveCfg = Debug|Any CPU
		{7D9012A7-1435-4856-8585-9FB1DCCB6184}.Debug|Any CPU.Build.0 = Debug|Any CPU
		{7D9012A7-1435-4856-8585-9FB1DCCB6184}.Release|Any CPU.ActiveCfg = Release|Any CPU
		{7D9012A7-1435-4856-8585-9FB1DCCB6184}.Release|Any CPU.Build.0 = Release|Any CPU
	EndGlobalSection
	GlobalSection(SolutionProperties) = preSolution
		HideSolutionNode = FALSE
	EndGlobalSection
	GlobalSection(ExtensibilityGlobals) = postSolution
		SolutionGuid = {6B713D6F-3886-42BF-89B8-FE9CAA898787}
	EndGlobalSection
EndGlobal
